// !$*UTF8*$!
{
	archiveVersion = 1;
	classes = {
	};
	objectVersion = 56;
	objects = {

/* Begin PBXBuildFile section */
		107957652A67D20F00326967 /* AppDelegate.swift in Sources */ = {isa = PBXBuildFile; fileRef = 107957642A67D20F00326967 /* AppDelegate.swift */; };
		107957672A67D20F00326967 /* SceneDelegate.swift in Sources */ = {isa = PBXBuildFile; fileRef = 107957662A67D20F00326967 /* SceneDelegate.swift */; };
		107957692A67D20F00326967 /* RootViewController.swift in Sources */ = {isa = PBXBuildFile; fileRef = 107957682A67D20F00326967 /* RootViewController.swift */; };
		1079576E2A67D21100326967 /* Assets.xcassets in Resources */ = {isa = PBXBuildFile; fileRef = 1079576D2A67D21100326967 /* Assets.xcassets */; };
		107957712A67D21100326967 /* LaunchScreen.storyboard in Resources */ = {isa = PBXBuildFile; fileRef = 1079576F2A67D21100326967 /* LaunchScreen.storyboard */; };
		1079577C2A67D21100326967 /* LoginProtocolOrientedTests.swift in Sources */ = {isa = PBXBuildFile; fileRef = 1079577B2A67D21100326967 /* LoginProtocolOrientedTests.swift */; };
		107957862A67D21100326967 /* LoginProtocolOrientedUITests.swift in Sources */ = {isa = PBXBuildFile; fileRef = 107957852A67D21100326967 /* LoginProtocolOrientedUITests.swift */; };
		107957882A67D21100326967 /* LoginProtocolOrientedUITestsLaunchTests.swift in Sources */ = {isa = PBXBuildFile; fileRef = 107957872A67D21100326967 /* LoginProtocolOrientedUITestsLaunchTests.swift */; };
		107957962A67D32E00326967 /* LoginViewController.swift in Sources */ = {isa = PBXBuildFile; fileRef = 107957952A67D32E00326967 /* LoginViewController.swift */; };
		107957982A67D38D00326967 /* MainViewController.swift in Sources */ = {isa = PBXBuildFile; fileRef = 107957972A67D38D00326967 /* MainViewController.swift */; };
		1079579B2A67D60900326967 /* RootViewModel.swift in Sources */ = {isa = PBXBuildFile; fileRef = 1079579A2A67D60900326967 /* RootViewModel.swift */; };
		1079579D2A67D67E00326967 /* RootViewModelOutput.swift in Sources */ = {isa = PBXBuildFile; fileRef = 1079579C2A67D67E00326967 /* RootViewModelOutput.swift */; };
		107957A02A67D90600326967 /* LoginStrogeService.swift in Sources */ = {isa = PBXBuildFile; fileRef = 1079579F2A67D90600326967 /* LoginStrogeService.swift */; };
		107957A22A67D9AE00326967 /* LoginStorageServiceImpl.swift in Sources */ = {isa = PBXBuildFile; fileRef = 107957A12A67D9AE00326967 /* LoginStorageServiceImpl.swift */; };
/* End PBXBuildFile section */

/* Begin PBXContainerItemProxy section */
		107957782A67D21100326967 /* PBXContainerItemProxy */ = {
			isa = PBXContainerItemProxy;
			containerPortal = 107957592A67D20F00326967 /* Project object */;
			proxyType = 1;
			remoteGlobalIDString = 107957602A67D20F00326967;
			remoteInfo = LoginProtocolOriented;
		};
		107957822A67D21100326967 /* PBXContainerItemProxy */ = {
			isa = PBXContainerItemProxy;
			containerPortal = 107957592A67D20F00326967 /* Project object */;
			proxyType = 1;
			remoteGlobalIDString = 107957602A67D20F00326967;
			remoteInfo = LoginProtocolOriented;
		};
/* End PBXContainerItemProxy section */

/* Begin PBXFileReference section */
		107957612A67D20F00326967 /* LoginProtocolOriented.app */ = {isa = PBXFileReference; explicitFileType = wrapper.application; includeInIndex = 0; path = LoginProtocolOriented.app; sourceTree = BUILT_PRODUCTS_DIR; };
		107957642A67D20F00326967 /* AppDelegate.swift */ = {isa = PBXFileReference; lastKnownFileType = sourcecode.swift; path = AppDelegate.swift; sourceTree = "<group>"; };
		107957662A67D20F00326967 /* SceneDelegate.swift */ = {isa = PBXFileReference; lastKnownFileType = sourcecode.swift; path = SceneDelegate.swift; sourceTree = "<group>"; };
		107957682A67D20F00326967 /* RootViewController.swift */ = {isa = PBXFileReference; lastKnownFileType = sourcecode.swift; path = RootViewController.swift; sourceTree = "<group>"; };
		1079576D2A67D21100326967 /* Assets.xcassets */ = {isa = PBXFileReference; lastKnownFileType = folder.assetcatalog; path = Assets.xcassets; sourceTree = "<group>"; };
		107957702A67D21100326967 /* Base */ = {isa = PBXFileReference; lastKnownFileType = file.storyboard; name = Base; path = Base.lproj/LaunchScreen.storyboard; sourceTree = "<group>"; };
		107957722A67D21100326967 /* Info.plist */ = {isa = PBXFileReference; lastKnownFileType = text.plist.xml; path = Info.plist; sourceTree = "<group>"; };
		107957772A67D21100326967 /* LoginProtocolOrientedTests.xctest */ = {isa = PBXFileReference; explicitFileType = wrapper.cfbundle; includeInIndex = 0; path = LoginProtocolOrientedTests.xctest; sourceTree = BUILT_PRODUCTS_DIR; };
		1079577B2A67D21100326967 /* LoginProtocolOrientedTests.swift */ = {isa = PBXFileReference; lastKnownFileType = sourcecode.swift; path = LoginProtocolOrientedTests.swift; sourceTree = "<group>"; };
		107957812A67D21100326967 /* LoginProtocolOrientedUITests.xctest */ = {isa = PBXFileReference; explicitFileType = wrapper.cfbundle; includeInIndex = 0; path = LoginProtocolOrientedUITests.xctest; sourceTree = BUILT_PRODUCTS_DIR; };
		107957852A67D21100326967 /* LoginProtocolOrientedUITests.swift */ = {isa = PBXFileReference; lastKnownFileType = sourcecode.swift; path = LoginProtocolOrientedUITests.swift; sourceTree = "<group>"; };
		107957872A67D21100326967 /* LoginProtocolOrientedUITestsLaunchTests.swift */ = {isa = PBXFileReference; lastKnownFileType = sourcecode.swift; path = LoginProtocolOrientedUITestsLaunchTests.swift; sourceTree = "<group>"; };
		107957952A67D32E00326967 /* LoginViewController.swift */ = {isa = PBXFileReference; lastKnownFileType = sourcecode.swift; path = LoginViewController.swift; sourceTree = "<group>"; };
		107957972A67D38D00326967 /* MainViewController.swift */ = {isa = PBXFileReference; lastKnownFileType = sourcecode.swift; path = MainViewController.swift; sourceTree = "<group>"; };
		1079579A2A67D60900326967 /* RootViewModel.swift */ = {isa = PBXFileReference; lastKnownFileType = sourcecode.swift; path = RootViewModel.swift; sourceTree = "<group>"; };
		1079579C2A67D67E00326967 /* RootViewModelOutput.swift */ = {isa = PBXFileReference; lastKnownFileType = sourcecode.swift; path = RootViewModelOutput.swift; sourceTree = "<group>"; };
		1079579F2A67D90600326967 /* LoginStrogeService.swift */ = {isa = PBXFileReference; lastKnownFileType = sourcecode.swift; path = LoginStrogeService.swift; sourceTree = "<group>"; };
		107957A12A67D9AE00326967 /* LoginStorageServiceImpl.swift */ = {isa = PBXFileReference; lastKnownFileType = sourcecode.swift; path = LoginStorageServiceImpl.swift; sourceTree = "<group>"; };
/* End PBXFileReference section */

/* Begin PBXFrameworksBuildPhase section */
		1079575E2A67D20F00326967 /* Frameworks */ = {
			isa = PBXFrameworksBuildPhase;
			buildActionMask = 2147483647;
			files = (
			);
			runOnlyForDeploymentPostprocessing = 0;
		};
		107957742A67D21100326967 /* Frameworks */ = {
			isa = PBXFrameworksBuildPhase;
			buildActionMask = 2147483647;
			files = (
			);
			runOnlyForDeploymentPostprocessing = 0;
		};
		1079577E2A67D21100326967 /* Frameworks */ = {
			isa = PBXFrameworksBuildPhase;
			buildActionMask = 2147483647;
			files = (
			);
			runOnlyForDeploymentPostprocessing = 0;
		};
/* End PBXFrameworksBuildPhase section */

/* Begin PBXGroup section */
		107957582A67D20F00326967 = {
			isa = PBXGroup;
			children = (
				107957632A67D20F00326967 /* LoginProtocolOriented */,
				1079577A2A67D21100326967 /* LoginProtocolOrientedTests */,
				107957842A67D21100326967 /* LoginProtocolOrientedUITests */,
				107957622A67D20F00326967 /* Products */,
			);
			sourceTree = "<group>";
		};
		107957622A67D20F00326967 /* Products */ = {
			isa = PBXGroup;
			children = (
				107957612A67D20F00326967 /* LoginProtocolOriented.app */,
				107957772A67D21100326967 /* LoginProtocolOrientedTests.xctest */,
				107957812A67D21100326967 /* LoginProtocolOrientedUITests.xctest */,
			);
			name = Products;
			sourceTree = "<group>";
		};
		107957632A67D20F00326967 /* LoginProtocolOriented */ = {
			isa = PBXGroup;
			children = (
				1079579E2A67D8E500326967 /* StrogeService */,
				107957992A67D5EA00326967 /* ViewModel */,
				107957942A67D2ED00326967 /* View */,
				107957642A67D20F00326967 /* AppDelegate.swift */,
				107957662A67D20F00326967 /* SceneDelegate.swift */,
				1079576D2A67D21100326967 /* Assets.xcassets */,
				1079576F2A67D21100326967 /* LaunchScreen.storyboard */,
				107957722A67D21100326967 /* Info.plist */,
			);
			path = LoginProtocolOriented;
			sourceTree = "<group>";
		};
		1079577A2A67D21100326967 /* LoginProtocolOrientedTests */ = {
			isa = PBXGroup;
			children = (
				1079577B2A67D21100326967 /* LoginProtocolOrientedTests.swift */,
			);
			path = LoginProtocolOrientedTests;
			sourceTree = "<group>";
		};
		107957842A67D21100326967 /* LoginProtocolOrientedUITests */ = {
			isa = PBXGroup;
			children = (
				107957852A67D21100326967 /* LoginProtocolOrientedUITests.swift */,
				107957872A67D21100326967 /* LoginProtocolOrientedUITestsLaunchTests.swift */,
			);
			path = LoginProtocolOrientedUITests;
			sourceTree = "<group>";
		};
		107957942A67D2ED00326967 /* View */ = {
			isa = PBXGroup;
			children = (
				107957682A67D20F00326967 /* RootViewController.swift */,
				107957952A67D32E00326967 /* LoginViewController.swift */,
				107957972A67D38D00326967 /* MainViewController.swift */,
			);
			path = View;
			sourceTree = "<group>";
		};
		107957992A67D5EA00326967 /* ViewModel */ = {
			isa = PBXGroup;
			children = (
				1079579A2A67D60900326967 /* RootViewModel.swift */,
				1079579C2A67D67E00326967 /* RootViewModelOutput.swift */,
			);
			path = ViewModel;
			sourceTree = "<group>";
		};
		1079579E2A67D8E500326967 /* StrogeService */ = {
			isa = PBXGroup;
			children = (
				1079579F2A67D90600326967 /* LoginStrogeService.swift */,
				107957A12A67D9AE00326967 /* LoginStorageServiceImpl.swift */,
			);
			path = StrogeService;
			sourceTree = "<group>";
		};
/* End PBXGroup section */

/* Begin PBXNativeTarget section */
		107957602A67D20F00326967 /* LoginProtocolOriented */ = {
			isa = PBXNativeTarget;
			buildConfigurationList = 1079578B2A67D21100326967 /* Build configuration list for PBXNativeTarget "LoginProtocolOriented" */;
			buildPhases = (
				1079575D2A67D20F00326967 /* Sources */,
				1079575E2A67D20F00326967 /* Frameworks */,
				1079575F2A67D20F00326967 /* Resources */,
			);
			buildRules = (
			);
			dependencies = (
			);
			name = LoginProtocolOriented;
			productName = LoginProtocolOriented;
			productReference = 107957612A67D20F00326967 /* LoginProtocolOriented.app */;
			productType = "com.apple.product-type.application";
		};
		107957762A67D21100326967 /* LoginProtocolOrientedTests */ = {
			isa = PBXNativeTarget;
			buildConfigurationList = 1079578E2A67D21100326967 /* Build configuration list for PBXNativeTarget "LoginProtocolOrientedTests" */;
			buildPhases = (
				107957732A67D21100326967 /* Sources */,
				107957742A67D21100326967 /* Frameworks */,
				107957752A67D21100326967 /* Resources */,
			);
			buildRules = (
			);
			dependencies = (
				107957792A67D21100326967 /* PBXTargetDependency */,
			);
			name = LoginProtocolOrientedTests;
			productName = LoginProtocolOrientedTests;
			productReference = 107957772A67D21100326967 /* LoginProtocolOrientedTests.xctest */;
			productType = "com.apple.product-type.bundle.unit-test";
		};
		107957802A67D21100326967 /* LoginProtocolOrientedUITests */ = {
			isa = PBXNativeTarget;
			buildConfigurationList = 107957912A67D21100326967 /* Build configuration list for PBXNativeTarget "LoginProtocolOrientedUITests" */;
			buildPhases = (
				1079577D2A67D21100326967 /* Sources */,
				1079577E2A67D21100326967 /* Frameworks */,
				1079577F2A67D21100326967 /* Resources */,
			);
			buildRules = (
			);
			dependencies = (
				107957832A67D21100326967 /* PBXTargetDependency */,
			);
			name = LoginProtocolOrientedUITests;
			productName = LoginProtocolOrientedUITests;
			productReference = 107957812A67D21100326967 /* LoginProtocolOrientedUITests.xctest */;
			productType = "com.apple.product-type.bundle.ui-testing";
		};
/* End PBXNativeTarget section */

/* Begin PBXProject section */
		107957592A67D20F00326967 /* Project object */ = {
			isa = PBXProject;
			attributes = {
				BuildIndependentTargetsInParallel = 1;
				LastSwiftUpdateCheck = 1420;
				LastUpgradeCheck = 1420;
				TargetAttributes = {
					107957602A67D20F00326967 = {
						CreatedOnToolsVersion = 14.2;
					};
					107957762A67D21100326967 = {
						CreatedOnToolsVersion = 14.2;
						TestTargetID = 107957602A67D20F00326967;
					};
					107957802A67D21100326967 = {
						CreatedOnToolsVersion = 14.2;
						TestTargetID = 107957602A67D20F00326967;
					};
				};
			};
			buildConfigurationList = 1079575C2A67D20F00326967 /* Build configuration list for PBXProject "LoginProtocolOriented" */;
			compatibilityVersion = "Xcode 14.0";
			developmentRegion = en;
			hasScannedForEncodings = 0;
			knownRegions = (
				en,
				Base,
			);
			mainGroup = 107957582A67D20F00326967;
			productRefGroup = 107957622A67D20F00326967 /* Products */;
			projectDirPath = "";
			projectRoot = "";
			targets = (
				107957602A67D20F00326967 /* LoginProtocolOriented */,
				107957762A67D21100326967 /* LoginProtocolOrientedTests */,
				107957802A67D21100326967 /* LoginProtocolOrientedUITests */,
			);
		};
/* End PBXProject section */

/* Begin PBXResourcesBuildPhase section */
		1079575F2A67D20F00326967 /* Resources */ = {
			isa = PBXResourcesBuildPhase;
			buildActionMask = 2147483647;
			files = (
				107957712A67D21100326967 /* LaunchScreen.storyboard in Resources */,
				1079576E2A67D21100326967 /* Assets.xcassets in Resources */,
			);
			runOnlyForDeploymentPostprocessing = 0;
		};
		107957752A67D21100326967 /* Resources */ = {
			isa = PBXResourcesBuildPhase;
			buildActionMask = 2147483647;
			files = (
			);
			runOnlyForDeploymentPostprocessing = 0;
		};
		1079577F2A67D21100326967 /* Resources */ = {
			isa = PBXResourcesBuildPhase;
			buildActionMask = 2147483647;
			files = (
			);
			runOnlyForDeploymentPostprocessing = 0;
		};
/* End PBXResourcesBuildPhase section */

/* Begin PBXSourcesBuildPhase section */
		1079575D2A67D20F00326967 /* Sources */ = {
			isa = PBXSourcesBuildPhase;
			buildActionMask = 2147483647;
			files = (
				107957A22A67D9AE00326967 /* LoginStorageServiceImpl.swift in Sources */,
				107957962A67D32E00326967 /* LoginViewController.swift in Sources */,
				107957A02A67D90600326967 /* LoginStrogeService.swift in Sources */,
				107957692A67D20F00326967 /* RootViewController.swift in Sources */,
				1079579D2A67D67E00326967 /* RootViewModelOutput.swift in Sources */,
				107957652A67D20F00326967 /* AppDelegate.swift in Sources */,
				107957672A67D20F00326967 /* SceneDelegate.swift in Sources */,
				1079579B2A67D60900326967 /* RootViewModel.swift in Sources */,
				107957982A67D38D00326967 /* MainViewController.swift in Sources */,
			);
			runOnlyForDeploymentPostprocessing = 0;
		};
		107957732A67D21100326967 /* Sources */ = {
			isa = PBXSourcesBuildPhase;
			buildActionMask = 2147483647;
			files = (
				1079577C2A67D21100326967 /* LoginProtocolOrientedTests.swift in Sources */,
			);
			runOnlyForDeploymentPostprocessing = 0;
		};
		1079577D2A67D21100326967 /* Sources */ = {
			isa = PBXSourcesBuildPhase;
			buildActionMask = 2147483647;
			files = (
				107957882A67D21100326967 /* LoginProtocolOrientedUITestsLaunchTests.swift in Sources */,
				107957862A67D21100326967 /* LoginProtocolOrientedUITests.swift in Sources */,
			);
			runOnlyForDeploymentPostprocessing = 0;
		};
/* End PBXSourcesBuildPhase section */

/* Begin PBXTargetDependency section */
		107957792A67D21100326967 /* PBXTargetDependency */ = {
			isa = PBXTargetDependency;
			target = 107957602A67D20F00326967 /* LoginProtocolOriented */;
			targetProxy = 107957782A67D21100326967 /* PBXContainerItemProxy */;
		};
		107957832A67D21100326967 /* PBXTargetDependency */ = {
			isa = PBXTargetDependency;
			target = 107957602A67D20F00326967 /* LoginProtocolOriented */;
			targetProxy = 107957822A67D21100326967 /* PBXContainerItemProxy */;
		};
/* End PBXTargetDependency section */

/* Begin PBXVariantGroup section */
		1079576F2A67D21100326967 /* LaunchScreen.storyboard */ = {
			isa = PBXVariantGroup;
			children = (
				107957702A67D21100326967 /* Base */,
			);
			name = LaunchScreen.storyboard;
			sourceTree = "<group>";
		};
/* End PBXVariantGroup section */

/* Begin XCBuildConfiguration section */
		107957892A67D21100326967 /* Debug */ = {
			isa = XCBuildConfiguration;
			buildSettings = {
				ALWAYS_SEARCH_USER_PATHS = NO;
				CLANG_ANALYZER_NONNULL = YES;
				CLANG_ANALYZER_NUMBER_OBJECT_CONVERSION = YES_AGGRESSIVE;
				CLANG_CXX_LANGUAGE_STANDARD = "gnu++20";
				CLANG_ENABLE_MODULES = YES;
				CLANG_ENABLE_OBJC_ARC = YES;
				CLANG_ENABLE_OBJC_WEAK = YES;
				CLANG_WARN_BLOCK_CAPTURE_AUTORELEASING = YES;
				CLANG_WARN_BOOL_CONVERSION = YES;
				CLANG_WARN_COMMA = YES;
				CLANG_WARN_CONSTANT_CONVERSION = YES;
				CLANG_WARN_DEPRECATED_OBJC_IMPLEMENTATIONS = YES;
				CLANG_WARN_DIRECT_OBJC_ISA_USAGE = YES_ERROR;
				CLANG_WARN_DOCUMENTATION_COMMENTS = YES;
				CLANG_WARN_EMPTY_BODY = YES;
				CLANG_WARN_ENUM_CONVERSION = YES;
				CLANG_WARN_INFINITE_RECURSION = YES;
				CLANG_WARN_INT_CONVERSION = YES;
				CLANG_WARN_NON_LITERAL_NULL_CONVERSION = YES;
				CLANG_WARN_OBJC_IMPLICIT_RETAIN_SELF = YES;
				CLANG_WARN_OBJC_LITERAL_CONVERSION = YES;
				CLANG_WARN_OBJC_ROOT_CLASS = YES_ERROR;
				CLANG_WARN_QUOTED_INCLUDE_IN_FRAMEWORK_HEADER = YES;
				CLANG_WARN_RANGE_LOOP_ANALYSIS = YES;
				CLANG_WARN_STRICT_PROTOTYPES = YES;
				CLANG_WARN_SUSPICIOUS_MOVE = YES;
				CLANG_WARN_UNGUARDED_AVAILABILITY = YES_AGGRESSIVE;
				CLANG_WARN_UNREACHABLE_CODE = YES;
				CLANG_WARN__DUPLICATE_METHOD_MATCH = YES;
				COPY_PHASE_STRIP = NO;
				DEBUG_INFORMATION_FORMAT = dwarf;
				ENABLE_STRICT_OBJC_MSGSEND = YES;
				ENABLE_TESTABILITY = YES;
				GCC_C_LANGUAGE_STANDARD = gnu11;
				GCC_DYNAMIC_NO_PIC = NO;
				GCC_NO_COMMON_BLOCKS = YES;
				GCC_OPTIMIZATION_LEVEL = 0;
				GCC_PREPROCESSOR_DEFINITIONS = (
					"DEBUG=1",
					"$(inherited)",
				);
				GCC_WARN_64_TO_32_BIT_CONVERSION = YES;
				GCC_WARN_ABOUT_RETURN_TYPE = YES_ERROR;
				GCC_WARN_UNDECLARED_SELECTOR = YES;
				GCC_WARN_UNINITIALIZED_AUTOS = YES_AGGRESSIVE;
				GCC_WARN_UNUSED_FUNCTION = YES;
				GCC_WARN_UNUSED_VARIABLE = YES;
				IPHONEOS_DEPLOYMENT_TARGET = 16.2;
				MTL_ENABLE_DEBUG_INFO = INCLUDE_SOURCE;
				MTL_FAST_MATH = YES;
				ONLY_ACTIVE_ARCH = YES;
				SDKROOT = iphoneos;
				SWIFT_ACTIVE_COMPILATION_CONDITIONS = DEBUG;
				SWIFT_OPTIMIZATION_LEVEL = "-Onone";
			};
			name = Debug;
		};
		1079578A2A67D21100326967 /* Release */ = {
			isa = XCBuildConfiguration;
			buildSettings = {
				ALWAYS_SEARCH_USER_PATHS = NO;
				CLANG_ANALYZER_NONNULL = YES;
				CLANG_ANALYZER_NUMBER_OBJECT_CONVERSION = YES_AGGRESSIVE;
				CLANG_CXX_LANGUAGE_STANDARD = "gnu++20";
				CLANG_ENABLE_MODULES = YES;
				CLANG_ENABLE_OBJC_ARC = YES;
				CLANG_ENABLE_OBJC_WEAK = YES;
				CLANG_WARN_BLOCK_CAPTURE_AUTORELEASING = YES;
				CLANG_WARN_BOOL_CONVERSION = YES;
				CLANG_WARN_COMMA = YES;
				CLANG_WARN_CONSTANT_CONVERSION = YES;
				CLANG_WARN_DEPRECATED_OBJC_IMPLEMENTATIONS = YES;
				CLANG_WARN_DIRECT_OBJC_ISA_USAGE = YES_ERROR;
				CLANG_WARN_DOCUMENTATION_COMMENTS = YES;
				CLANG_WARN_EMPTY_BODY = YES;
				CLANG_WARN_ENUM_CONVERSION = YES;
				CLANG_WARN_INFINITE_RECURSION = YES;
				CLANG_WARN_INT_CONVERSION = YES;
				CLANG_WARN_NON_LITERAL_NULL_CONVERSION = YES;
				CLANG_WARN_OBJC_IMPLICIT_RETAIN_SELF = YES;
				CLANG_WARN_OBJC_LITERAL_CONVERSION = YES;
				CLANG_WARN_OBJC_ROOT_CLASS = YES_ERROR;
				CLANG_WARN_QUOTED_INCLUDE_IN_FRAMEWORK_HEADER = YES;
				CLANG_WARN_RANGE_LOOP_ANALYSIS = YES;
				CLANG_WARN_STRICT_PROTOTYPES = YES;
				CLANG_WARN_SUSPICIOUS_MOVE = YES;
				CLANG_WARN_UNGUARDED_AVAILABILITY = YES_AGGRESSIVE;
				CLANG_WARN_UNREACHABLE_CODE = YES;
				CLANG_WARN__DUPLICATE_METHOD_MATCH = YES;
				COPY_PHASE_STRIP = NO;
				DEBUG_INFORMATION_FORMAT = "dwarf-with-dsym";
				ENABLE_NS_ASSERTIONS = NO;
				ENABLE_STRICT_OBJC_MSGSEND = YES;
				GCC_C_LANGUAGE_STANDARD = gnu11;
				GCC_NO_COMMON_BLOCKS = YES;
				GCC_WARN_64_TO_32_BIT_CONVERSION = YES;
				GCC_WARN_ABOUT_RETURN_TYPE = YES_ERROR;
				GCC_WARN_UNDECLARED_SELECTOR = YES;
				GCC_WARN_UNINITIALIZED_AUTOS = YES_AGGRESSIVE;
				GCC_WARN_UNUSED_FUNCTION = YES;
				GCC_WARN_UNUSED_VARIABLE = YES;
				IPHONEOS_DEPLOYMENT_TARGET = 16.2;
				MTL_ENABLE_DEBUG_INFO = NO;
				MTL_FAST_MATH = YES;
				SDKROOT = iphoneos;
				SWIFT_COMPILATION_MODE = wholemodule;
				SWIFT_OPTIMIZATION_LEVEL = "-O";
				VALIDATE_PRODUCT = YES;
			};
			name = Release;
		};
		1079578C2A67D21100326967 /* Debug */ = {
			isa = XCBuildConfiguration;
			buildSettings = {
				ASSETCATALOG_COMPILER_APPICON_NAME = AppIcon;
				ASSETCATALOG_COMPILER_GLOBAL_ACCENT_COLOR_NAME = AccentColor;
				CODE_SIGN_STYLE = Automatic;
				CURRENT_PROJECT_VERSION = 1;
				DEVELOPMENT_TEAM = 9ZBB7384W6;
				GENERATE_INFOPLIST_FILE = YES;
				INFOPLIST_FILE = LoginProtocolOriented/Info.plist;
				INFOPLIST_KEY_UIApplicationSupportsIndirectInputEvents = YES;
				INFOPLIST_KEY_UILaunchStoryboardName = LaunchScreen;
				INFOPLIST_KEY_UISupportedInterfaceOrientations_iPad = "UIInterfaceOrientationPortrait UIInterfaceOrientationPortraitUpsideDown UIInterfaceOrientationLandscapeLeft UIInterfaceOrientationLandscapeRight";
				INFOPLIST_KEY_UISupportedInterfaceOrientations_iPhone = "UIInterfaceOrientationPortrait UIInterfaceOrientationLandscapeLeft UIInterfaceOrientationLandscapeRight";
				LD_RUNPATH_SEARCH_PATHS = (
					"$(inherited)",
					"@executable_path/Frameworks",
				);
				MARKETING_VERSION = 1.0;
				PRODUCT_BUNDLE_IDENTIFIER = tr.ibb.gov.LoginProtocolOriented;
				PRODUCT_NAME = "$(TARGET_NAME)";
				SWIFT_EMIT_LOC_STRINGS = YES;
				SWIFT_VERSION = 5.0;
				TARGETED_DEVICE_FAMILY = "1,2";
			};
			name = Debug;
		};
		1079578D2A67D21100326967 /* Release */ = {
			isa = XCBuildConfiguration;
			buildSettings = {
				ASSETCATALOG_COMPILER_APPICON_NAME = AppIcon;
				ASSETCATALOG_COMPILER_GLOBAL_ACCENT_COLOR_NAME = AccentColor;
				CODE_SIGN_STYLE = Automatic;
				CURRENT_PROJECT_VERSION = 1;
				DEVELOPMENT_TEAM = 9ZBB7384W6;
				GENERATE_INFOPLIST_FILE = YES;
				INFOPLIST_FILE = LoginProtocolOriented/Info.plist;
				INFOPLIST_KEY_UIApplicationSupportsIndirectInputEvents = YES;
				INFOPLIST_KEY_UILaunchStoryboardName = LaunchScreen;
				INFOPLIST_KEY_UISupportedInterfaceOrientations_iPad = "UIInterfaceOrientationPortrait UIInterfaceOrientationPortraitUpsideDown UIInterfaceOrientationLandscapeLeft UIInterfaceOrientationLandscapeRight";
				INFOPLIST_KEY_UISupportedInterfaceOrientations_iPhone = "UIInterfaceOrientationPortrait UIInterfaceOrientationLandscapeLeft UIInterfaceOrientationLandscapeRight";
				LD_RUNPATH_SEARCH_PATHS = (
					"$(inherited)",
					"@executable_path/Frameworks",
				);
				MARKETING_VERSION = 1.0;
				PRODUCT_BUNDLE_IDENTIFIER = tr.ibb.gov.LoginProtocolOriented;
				PRODUCT_NAME = "$(TARGET_NAME)";
				SWIFT_EMIT_LOC_STRINGS = YES;
				SWIFT_VERSION = 5.0;
				TARGETED_DEVICE_FAMILY = "1,2";
			};
			name = Release;
		};
		1079578F2A67D21100326967 /* Debug */ = {
			isa = XCBuildConfiguration;
			buildSettings = {
				ALWAYS_EMBED_SWIFT_STANDARD_LIBRARIES = YES;
				BUNDLE_LOADER = "$(TEST_HOST)";
				CODE_SIGN_STYLE = Automatic;
				CURRENT_PROJECT_VERSION = 1;
				DEVELOPMENT_TEAM = 9ZBB7384W6;
				GENERATE_INFOPLIST_FILE = YES;
				IPHONEOS_DEPLOYMENT_TARGET = 16.2;
				MARKETING_VERSION = 1.0;
				PRODUCT_BUNDLE_IDENTIFIER = tr.ibb.gov.LoginProtocolOrientedTests;
				PRODUCT_NAME = "$(TARGET_NAME)";
				SWIFT_EMIT_LOC_STRINGS = NO;
				SWIFT_VERSION = 5.0;
				TARGETED_DEVICE_FAMILY = "1,2";
				TEST_HOST = "$(BUILT_PRODUCTS_DIR)/LoginProtocolOriented.app/$(BUNDLE_EXECUTABLE_FOLDER_PATH)/LoginProtocolOriented";
			};
			name = Debug;
		};
		107957902A67D21100326967 /* Release */ = {
			isa = XCBuildConfiguration;
			buildSettings = {
				ALWAYS_EMBED_SWIFT_STANDARD_LIBRARIES = YES;
				BUNDLE_LOADER = "$(TEST_HOST)";
				CODE_SIGN_STYLE = Automatic;
				CURRENT_PROJECT_VERSION = 1;
				DEVELOPMENT_TEAM = 9ZBB7384W6;
				GENERATE_INFOPLIST_FILE = YES;
				IPHONEOS_DEPLOYMENT_TARGET = 16.2;
				MARKETING_VERSION = 1.0;
				PRODUCT_BUNDLE_IDENTIFIER = tr.ibb.gov.LoginProtocolOrientedTests;
				PRODUCT_NAME = "$(TARGET_NAME)";
				SWIFT_EMIT_LOC_STRINGS = NO;
				SWIFT_VERSION = 5.0;
				TARGETED_DEVICE_FAMILY = "1,2";
				TEST_HOST = "$(BUILT_PRODUCTS_DIR)/LoginProtocolOriented.app/$(BUNDLE_EXECUTABLE_FOLDER_PATH)/LoginProtocolOriented";
			};
			name = Release;
		};
		107957922A67D21100326967 /* Debug */ = {
			isa = XCBuildConfiguration;
			buildSettings = {
				ALWAYS_EMBED_SWIFT_STANDARD_LIBRARIES = YES;
				CODE_SIGN_STYLE = Automatic;
				CURRENT_PROJECT_VERSION = 1;
				DEVELOPMENT_TEAM = 9ZBB7384W6;
				GENERATE_INFOPLIST_FILE = YES;
				MARKETING_VERSION = 1.0;
				PRODUCT_BUNDLE_IDENTIFIER = tr.ibb.gov.LoginProtocolOrientedUITests;
				PRODUCT_NAME = "$(TARGET_NAME)";
				SWIFT_EMIT_LOC_STRINGS = NO;
				SWIFT_VERSION = 5.0;
				TARGETED_DEVICE_FAMILY = "1,2";
				TEST_TARGET_NAME = LoginProtocolOriented;
			};
			name = Debug;
		};
		107957932A67D21100326967 /* Release */ = {
			isa = XCBuildConfiguration;
			buildSettings = {
				ALWAYS_EMBED_SWIFT_STANDARD_LIBRARIES = YES;
				CODE_SIGN_STYLE = Automatic;
				CURRENT_PROJECT_VERSION = 1;
				DEVELOPMENT_TEAM = 9ZBB7384W6;
				GENERATE_INFOPLIST_FILE = YES;
				MARKETING_VERSION = 1.0;
				PRODUCT_BUNDLE_IDENTIFIER = tr.ibb.gov.LoginProtocolOrientedUITests;
				PRODUCT_NAME = "$(TARGET_NAME)";
				SWIFT_EMIT_LOC_STRINGS = NO;
				SWIFT_VERSION = 5.0;
				TARGETED_DEVICE_FAMILY = "1,2";
				TEST_TARGET_NAME = LoginProtocolOriented;
			};
			name = Release;
		};
/* End XCBuildConfiguration section */

/* Begin XCConfigurationList section */
		1079575C2A67D20F00326967 /* Build configuration list for PBXProject "LoginProtocolOriented" */ = {
			isa = XCConfigurationList;
			buildConfigurations = (
				107957892A67D21100326967 /* Debug */,
				1079578A2A67D21100326967 /* Release */,
			);
			defaultConfigurationIsVisible = 0;
			defaultConfigurationName = Release;
		};
		1079578B2A67D21100326967 /* Build configuration list for PBXNativeTarget "LoginProtocolOriented" */ = {
			isa = XCConfigurationList;
			buildConfigurations = (
				1079578C2A67D21100326967 /* Debug */,
				1079578D2A67D21100326967 /* Release */,
			);
			defaultConfigurationIsVisible = 0;
			defaultConfigurationName = Release;
		};
		1079578E2A67D21100326967 /* Build configuration list for PBXNativeTarget "LoginProtocolOrientedTests" */ = {
			isa = XCConfigurationList;
			buildConfigurations = (
				1079578F2A67D21100326967 /* Debug */,
				107957902A67D21100326967 /* Release */,
			);
			defaultConfigurationIsVisible = 0;
			defaultConfigurationName = Release;
		};
		107957912A67D21100326967 /* Build configuration list for PBXNativeTarget "LoginProtocolOrientedUITests" */ = {
			isa = XCConfigurationList;
			buildConfigurations = (
				107957922A67D21100326967 /* Debug */,
				107957932A67D21100326967 /* Release */,
			);
			defaultConfigurationIsVisible = 0;
			defaultConfigurationName = Release;
		};
/* End XCConfigurationList section */
	};
	rootObject = 107957592A67D20F00326967 /* Project object */;
}
